
Microsoft Visual Studio Solution File, Format Version 12.00
# Visual Studio Version 16
VisualStudioVersion = 16.0.30011.22
MinimumVisualStudioVersion = 10.0.40219.1
Project("{FAE04EC0-301F-11D3-BF4B-00C04F79EFBC}") = "ZipCodeBox", "ZipCodeBox\ZipCodeBox.csproj", "{37C9BCCB-D015-4561-BCF8-FA99086F327A}"
EndProject
Global
	GlobalSection(SolutionConfigurationPlatforms) = preSolution
		Debug|Any CPU = Debug|Any CPU
		Release|Any CPU = Release|Any CPU
	EndGlobalSection
	GlobalSection(ProjectConfigurationPlatforms) = postSolution
		{37C9BCCB-D015-4561-BCF8-FA99086F327A}.Debug|Any CPU.ActiveCfg = Debug|Any CPU
		{37C9BCCB-D015-4561-BCF8-FA99086F327A}.Debug|Any CPU.Build.0 = Debug|Any CPU
		{37C9BCCB-D015-4561-BCF8-FA99086F327A}.Release|Any CPU.ActiveCfg = Release|Any CPU
		{37C9BCCB-D015-4561-BCF8-FA99086F327A}.Release|Any CPU.Build.0 = Release|Any CPU
	EndGlobalSection
	GlobalSection(SolutionProperties) = preSolution
		HideSolutionNode = FALSE
	EndGlobalSection
	GlobalSection(ExtensibilityGlobals) = postSolution
		SolutionGuid = {E7AAC15B-6DE8-4AFD-B6D9-50591311BCE5}
	EndGlobalSection
EndGlobal
